// !$*UTF8*$!
{
	archiveVersion = 1;
	classes = {
	};
	objectVersion = 39;
	objects = {
		014CEA460018CE2711CA2923 = {
			buildSettings = {
				COPY_PHASE_STRIP = NO;
				DEBUGGING_SYMBOLS = YES;
				GCC_DYNAMIC_NO_PIC = NO;
				GCC_ENABLE_FIX_AND_CONTINUE = YES;
				GCC_GENERATE_DEBUGGING_SYMBOLS = YES;
				GCC_OPTIMIZATION_LEVEL = 0;
				HEADER_SEARCH_PATHS = "taucs/src mactrope taucs/build/darwin tnnls /sw/include tsnnls_dist/tsnnls";
				LIBRARY_SEARCH_PATHS = "mactrope taucs/lib/darwin taucs/external/lib/darwin tsnnls_dist/";
				OPTIMIZATION_CFLAGS = "-O0";
				OTHER_LDFLAGS = " -lMallocDebug";
				ZERO_LINK = NO;
			};
			isa = PBXBuildStyle;
			name = Development;
		};
		014CEA470018CE2711CA2923 = {
			buildSettings = {
				COPY_PHASE_STRIP = YES;
				GCC_ENABLE_FIX_AND_CONTINUE = NO;
				GCC_MODEL_PPC64 = NO;
				GCC_MODEL_TUNING = G5;
				GCC_OPTIMIZATION_LEVEL = 3;
				HEADER_SEARCH_PATHS = "taucs/src liboctrope-1.0 taucs/build/darwin piasnnls/ /sw/include/";
				LIBRARY_SEARCH_PATHS = "liboctrope-1.0 taucs/lib/darwin taucs/external/lib/darwin mactrope";
				OTHER_LDFLAGS = "";
				ZERO_LINK = NO;
			};
			isa = PBXBuildStyle;
			name = Deployment;
		};
//010
//011
//012
//013
//014
//020
//021
//022
//023
//024
		0249A662FF388D9811CA2CEA = {
			children = (
				34986D1A065A847D00B6D86E,
				0249A663FF388D9811CA2CEA,
			);
			isa = PBXGroup;
			name = "External Frameworks and Libraries";
			refType = 4;
			sourceTree = "<group>";
		};
		0249A663FF388D9811CA2CEA = {
			isa = PBXFileReference;
			lastKnownFileType = archive.ar;
			name = "libstdc++.a";
			path = "/usr/lib/libstdc++.a";
			refType = 0;
			sourceTree = "<absolute>";
		};
//020
//021
//022
//023
//024
//080
//081
//082
//083
//084
		08FB7793FE84155DC02AAC07 = {
			buildSettings = {
			};
			buildStyles = (
				014CEA460018CE2711CA2923,
				014CEA470018CE2711CA2923,
			);
			hasScannedForEncodings = 1;
			isa = PBXProject;
			mainGroup = 08FB7794FE84155DC02AAC07;
			projectDirPath = "";
			targets = (
				8DD76F620486A84900D96B5E,
				34DAD8510667F58A0019DC0C,
				34DAD8D70667F7DF0019DC0C,
			);
		};
		08FB7794FE84155DC02AAC07 = {
			children = (
				34037E4106D1B19100A0092E,
				08FB7795FE84155DC02AAC07,
				C6859E8C029090F304C91782,
				0249A662FF388D9811CA2CEA,
				1AB674ADFE9D54B511CA2CBB,
			);
			isa = PBXGroup;
			name = eqedge;
			refType = 4;
			sourceTree = "<group>";
		};
		08FB7795FE84155DC02AAC07 = {
			children = (
				34037CB906D1697400A0092E,
				34DAD9830667FAD70019DC0C,
				34DAD93C0667F99D0019DC0C,
				34DAD93D0667F99D0019DC0C,
				340BD50A066F9D7800B257FE,
				340BD50B066F9D7800B257FE,
				3478151506791F46006507C7,
				3478150F06791F0B006507C7,
				34DAD9240667F94F0019DC0C,
				34037BC306D1662300A0092E,
			);
			isa = PBXGroup;
			name = Source;
			refType = 4;
			sourceTree = "<group>";
		};
//080
//081
//082
//083
//084
//1A0
//1A1
//1A2
//1A3
//1A4
		1AB674ADFE9D54B511CA2CBB = {
			children = (
				8DD76F6C0486A84900D96B5E,
				34DAD8520667F58A0019DC0C,
				34DAD8D80667F7DF0019DC0C,
			);
			isa = PBXGroup;
			name = Products;
			refType = 4;
			sourceTree = "<group>";
		};
//1A0
//1A1
//1A2
//1A3
//1A4
//340
//341
//342
//343
//344
		34037BC306D1662300A0092E = {
			children = (
				34037BC806D1662300A0092E,
				34037BC406D1662300A0092E,
				34037BC506D1662300A0092E,
				34037BC606D1662300A0092E,
				34037BC706D1662300A0092E,
				34037BEF06D1662300A0092E,
				34037BF006D1662300A0092E,
				34037BF106D1662300A0092E,
			);
			isa = PBXGroup;
			name = tsnnls;
			path = tsnnls_dist/tsnnls;
			refType = 4;
			sourceTree = "<group>";
		};
		34037BC406D1662300A0092E = {
			fileEncoding = 30;
			isa = PBXFileReference;
			lastKnownFileType = sourcecode.c.h;
			path = gsl_cblas.h;
			refType = 4;
			sourceTree = "<group>";
		};
		34037BC506D1662300A0092E = {
			fileEncoding = 30;
			isa = PBXFileReference;
			lastKnownFileType = sourcecode.c.c;
			path = lsqr.c;
			refType = 4;
			sourceTree = "<group>";
		};
		34037BC606D1662300A0092E = {
			fileEncoding = 30;
			isa = PBXFileReference;
			lastKnownFileType = sourcecode.c.h;
			path = lsqr.h;
			refType = 4;
			sourceTree = "<group>";
		};
		34037BC706D1662300A0092E = {
			fileEncoding = 30;
			isa = PBXFileReference;
			lastKnownFileType = sourcecode.make;
			path = Makefile;
			refType = 4;
			sourceTree = "<group>";
		};
		34037BC806D1662300A0092E = {
			children = (
				34037C7206D167AE00A0092E,
				34037DA606D172F300A0092E,
				34037DA706D172F300A0092E,
				34037DA806D172F300A0092E,
				34037DA906D172F300A0092E,
				34037DAA06D172F300A0092E,
				34037DAB06D172F300A0092E,
				34037C6A06D1679C00A0092E,
				34037C3C06D1673600A0092E,
				34037C3D06D1673600A0092E,
				34037C3E06D1673600A0092E,
				34037C3F06D1673600A0092E,
				34037C4006D1673600A0092E,
				34037C4106D1673600A0092E,
				34037C4206D1673600A0092E,
				34037C4306D1673600A0092E,
				34037C4406D1673600A0092E,
				34037C4506D1673600A0092E,
				34037C4606D1673600A0092E,
				34037C4706D1673600A0092E,
				34037C4806D1673600A0092E,
			);
			isa = PBXGroup;
			path = taucs_basic;
			refType = 4;
			sourceTree = "<group>";
		};
		34037BEF06D1662300A0092E = {
			fileEncoding = 30;
			isa = PBXFileReference;
			lastKnownFileType = sourcecode.c.c;
			path = tlsqr.c;
			refType = 4;
			sourceTree = "<group>";
		};
		34037BF006D1662300A0092E = {
			fileEncoding = 30;
			isa = PBXFileReference;
			lastKnownFileType = sourcecode.c.c;
			path = tsnnls.c;
			refType = 4;
			sourceTree = "<group>";
		};
		34037BF106D1662300A0092E = {
			fileEncoding = 30;
			isa = PBXFileReference;
			lastKnownFileType = sourcecode.c.h;
			path = tsnnls.h;
			refType = 4;
			sourceTree = "<group>";
		};
		34037BF206D1662400A0092E = {
			fileRef = 34037BC406D1662300A0092E;
			isa = PBXBuildFile;
			settings = {
			};
		};
		34037BF306D1662400A0092E = {
			fileRef = 34037BC506D1662300A0092E;
			isa = PBXBuildFile;
			settings = {
			};
		};
		34037BF406D1662400A0092E = {
			fileRef = 34037BC606D1662300A0092E;
			isa = PBXBuildFile;
			settings = {
			};
		};
		34037BF506D1662400A0092E = {
			fileRef = 34037BC706D1662300A0092E;
			isa = PBXBuildFile;
			settings = {
			};
		};
		34037C1C06D1662400A0092E = {
			fileRef = 34037BEF06D1662300A0092E;
			isa = PBXBuildFile;
			settings = {
			};
		};
		34037C1D06D1662400A0092E = {
			fileRef = 34037BF006D1662300A0092E;
			isa = PBXBuildFile;
			settings = {
			};
		};
		34037C1E06D1662400A0092E = {
			fileRef = 34037BF106D1662300A0092E;
			isa = PBXBuildFile;
			settings = {
			};
		};
		34037C3C06D1673600A0092E = {
			fileEncoding = 30;
			isa = PBXFileReference;
			lastKnownFileType = sourcecode.c.c;
			path = colamd.c;
			refType = 4;
			sourceTree = "<group>";
		};
		34037C3D06D1673600A0092E = {
			fileEncoding = 30;
			isa = PBXFileReference;
			lastKnownFileType = sourcecode.c.c;
			path = taucs_ccs_base.c;
			refType = 4;
			sourceTree = "<group>";
		};
		34037C3E06D1673600A0092E = {
			fileEncoding = 30;
			isa = PBXFileReference;
			lastKnownFileType = sourcecode.c.c;
			path = taucs_ccs_ops.c;
			refType = 4;
			sourceTree = "<group>";
		};
		34037C3F06D1673600A0092E = {
			fileEncoding = 30;
			isa = PBXFileReference;
			lastKnownFileType = sourcecode.c.c;
			path = taucs_sn_llt.c;
			refType = 4;
			sourceTree = "<group>";
		};
		34037C4006D1673600A0092E = {
			fileEncoding = 30;
			isa = PBXFileReference;
			lastKnownFileType = sourcecode.c.c;
			path = amdbar.c;
			refType = 4;
			sourceTree = "<group>";
		};
		34037C4106D1673600A0092E = {
			fileEncoding = 30;
			isa = PBXFileReference;
			lastKnownFileType = sourcecode.c.c;
			path = amdexa.c;
			refType = 4;
			sourceTree = "<group>";
		};
		34037C4206D1673600A0092E = {
			fileEncoding = 30;
			isa = PBXFileReference;
			lastKnownFileType = sourcecode.c.c;
			path = genmmd.c;
			refType = 4;
			sourceTree = "<group>";
		};
		34037C4306D1673600A0092E = {
			fileEncoding = 30;
			isa = PBXFileReference;
			lastKnownFileType = sourcecode.c.c;
			path = amdtru.c;
			refType = 4;
			sourceTree = "<group>";
		};
		34037C4406D1673600A0092E = {
			fileEncoding = 30;
			isa = PBXFileReference;
			lastKnownFileType = sourcecode.c.c;
			path = taucs_vec_base.c;
			refType = 4;
			sourceTree = "<group>";
		};
		34037C4506D1673600A0092E = {
			fileEncoding = 30;
			isa = PBXFileReference;
			lastKnownFileType = sourcecode.c.c;
			path = taucs_malloc.c;
			refType = 4;
			sourceTree = "<group>";
		};
		34037C4606D1673600A0092E = {
			fileEncoding = 30;
			isa = PBXFileReference;
			lastKnownFileType = sourcecode.c.c;
			path = taucs_complex.c;
			refType = 4;
			sourceTree = "<group>";
		};
		34037C4706D1673600A0092E = {
			fileEncoding = 30;
			isa = PBXFileReference;
			lastKnownFileType = sourcecode.c.c;
			path = taucs_timer.c;
			refType = 4;
			sourceTree = "<group>";
		};
		34037C4806D1673600A0092E = {
			fileEncoding = 30;
			isa = PBXFileReference;
			lastKnownFileType = sourcecode.c.c;
			path = taucs_ccs_order.c;
			refType = 4;
			sourceTree = "<group>";
		};
		34037C4906D1673600A0092E = {
			fileRef = 34037C3C06D1673600A0092E;
			isa = PBXBuildFile;
			settings = {
			};
		};
		34037C4A06D1673600A0092E = {
			fileRef = 34037C3D06D1673600A0092E;
			isa = PBXBuildFile;
			settings = {
			};
		};
		34037C4B06D1673600A0092E = {
			fileRef = 34037C3E06D1673600A0092E;
			isa = PBXBuildFile;
			settings = {
			};
		};
		34037C4C06D1673600A0092E = {
			fileRef = 34037C3F06D1673600A0092E;
			isa = PBXBuildFile;
			settings = {
			};
		};
		34037C4D06D1673600A0092E = {
			fileRef = 34037C4006D1673600A0092E;
			isa = PBXBuildFile;
			settings = {
			};
		};
		34037C4E06D1673600A0092E = {
			fileRef = 34037C4106D1673600A0092E;
			isa = PBXBuildFile;
			settings = {
			};
		};
		34037C4F06D1673600A0092E = {
			fileRef = 34037C4206D1673600A0092E;
			isa = PBXBuildFile;
			settings = {
			};
		};
		34037C5006D1673600A0092E = {
			fileRef = 34037C4306D1673600A0092E;
			isa = PBXBuildFile;
			settings = {
			};
		};
		34037C5106D1673600A0092E = {
			fileRef = 34037C4406D1673600A0092E;
			isa = PBXBuildFile;
			settings = {
			};
		};
		34037C5206D1673600A0092E = {
			fileRef = 34037C4506D1673600A0092E;
			isa = PBXBuildFile;
			settings = {
			};
		};
		34037C5306D1673600A0092E = {
			fileRef = 34037C4606D1673600A0092E;
			isa = PBXBuildFile;
			settings = {
			};
		};
		34037C5406D1673600A0092E = {
			fileRef = 34037C4706D1673600A0092E;
			isa = PBXBuildFile;
			settings = {
			};
		};
		34037C5506D1673600A0092E = {
			fileRef = 34037C4806D1673600A0092E;
			isa = PBXBuildFile;
			settings = {
			};
		};
		34037C6A06D1679C00A0092E = {
			fileEncoding = 30;
			isa = PBXFileReference;
			lastKnownFileType = sourcecode.c.c;
			path = taucs_logging.c;
			refType = 4;
			sourceTree = "<group>";
		};
		34037C6B06D1679C00A0092E = {
			fileRef = 34037C6A06D1679C00A0092E;
			isa = PBXBuildFile;
			settings = {
			};
		};
		34037C7206D167AE00A0092E = {
			fileEncoding = 30;
			isa = PBXFileReference;
			lastKnownFileType = sourcecode.make;
			path = Makefile;
			refType = 4;
			sourceTree = "<group>";
		};
		34037C7306D167AE00A0092E = {
			fileRef = 34037C7206D167AE00A0092E;
			isa = PBXBuildFile;
			settings = {
			};
		};
		34037CB906D1697400A0092E = {
			children = (
				34037CCB06D1697400A0092E,
				34037CCC06D1697400A0092E,
				34037CCD06D1697400A0092E,
				34037CCE06D1697400A0092E,
				34037D0406D16B3900A0092E,
			);
			isa = PBXGroup;
			path = mactrope;
			refType = 4;
			sourceTree = "<group>";
		};
		34037CCB06D1697400A0092E = {
			isa = PBXFileReference;
			lastKnownFileType = archive.ar;
			path = liboctrope.a;
			refType = 4;
			sourceTree = "<group>";
		};
		34037CCC06D1697400A0092E = {
			fileEncoding = 30;
			isa = PBXFileReference;
			lastKnownFileType = sourcecode.c.h;
			path = link.h;
			refType = 4;
			sourceTree = "<group>";
		};
		34037CCD06D1697400A0092E = {
			fileEncoding = 30;
			isa = PBXFileReference;
			lastKnownFileType = sourcecode.c.h;
			path = octrope.h;
			refType = 4;
			sourceTree = "<group>";
		};
		34037CCE06D1697400A0092E = {
			fileEncoding = 30;
			isa = PBXFileReference;
			lastKnownFileType = sourcecode.c.h;
			path = vector.h;
			refType = 4;
			sourceTree = "<group>";
		};
		34037CCF06D1697400A0092E = {
			fileRef = 34037CCB06D1697400A0092E;
			isa = PBXBuildFile;
			settings = {
			};
		};
		34037CD006D1697400A0092E = {
			fileRef = 34037CCC06D1697400A0092E;
			isa = PBXBuildFile;
			settings = {
			};
		};
		34037CD106D1697400A0092E = {
			fileRef = 34037CCD06D1697400A0092E;
			isa = PBXBuildFile;
			settings = {
			};
		};
		34037CD206D1697400A0092E = {
			fileRef = 34037CCE06D1697400A0092E;
			isa = PBXBuildFile;
			settings = {
			};
		};
		34037D0406D16B3900A0092E = {
			fileEncoding = 30;
			isa = PBXFileReference;
			lastKnownFileType = sourcecode.c.h;
			path = truefalse.h;
			refType = 4;
			sourceTree = "<group>";
		};
		34037D0506D16B3900A0092E = {
			fileRef = 34037D0406D16B3900A0092E;
			isa = PBXBuildFile;
			settings = {
			};
		};
		34037DA606D172F300A0092E = {
			fileEncoding = 30;
			isa = PBXFileReference;
			lastKnownFileType = sourcecode.c.h;
			path = taucs.h;
			refType = 4;
			sourceTree = "<group>";
		};
		34037DA706D172F300A0092E = {
			fileEncoding = 30;
			isa = PBXFileReference;
			lastKnownFileType = sourcecode.c.h;
			path = f2c.h;
			refType = 4;
			sourceTree = "<group>";
		};
		34037DA806D172F300A0092E = {
			fileEncoding = 30;
			isa = PBXFileReference;
			lastKnownFileType = sourcecode.c.h;
			path = colamd.h;
			refType = 4;
			sourceTree = "<group>";
		};
		34037DA906D172F300A0092E = {
			fileEncoding = 30;
			isa = PBXFileReference;
			lastKnownFileType = sourcecode.c.h;
			path = taucs_private.h;
			refType = 4;
			sourceTree = "<group>";
		};
		34037DAA06D172F300A0092E = {
			fileEncoding = 30;
			isa = PBXFileReference;
			lastKnownFileType = sourcecode.c.h;
			path = taucs_config_build.h;
			refType = 4;
			sourceTree = "<group>";
		};
		34037DAB06D172F300A0092E = {
			fileEncoding = 30;
			isa = PBXFileReference;
			lastKnownFileType = sourcecode.c.h;
			path = taucs_config_tests.h;
			refType = 4;
			sourceTree = "<group>";
		};
		34037DAC06D172F300A0092E = {
			fileRef = 34037DA606D172F300A0092E;
			isa = PBXBuildFile;
			settings = {
			};
		};
		34037DAD06D172F300A0092E = {
			fileRef = 34037DA706D172F300A0092E;
			isa = PBXBuildFile;
			settings = {
			};
		};
		34037DAE06D172F300A0092E = {
			fileRef = 34037DA806D172F300A0092E;
			isa = PBXBuildFile;
			settings = {
			};
		};
		34037DAF06D172F300A0092E = {
			fileRef = 34037DA906D172F300A0092E;
			isa = PBXBuildFile;
			settings = {
			};
		};
		34037DB006D172F300A0092E = {
			fileRef = 34037DAA06D172F300A0092E;
			isa = PBXBuildFile;
			settings = {
			};
		};
		34037DB106D172F300A0092E = {
			fileRef = 34037DAB06D172F300A0092E;
			isa = PBXBuildFile;
			settings = {
			};
		};
		34037E4106D1B19100A0092E = {
			fileEncoding = 30;
			isa = PBXFileReference;
			lastKnownFileType = sourcecode.make;
			path = Makefile;
			refType = 4;
			sourceTree = "<group>";
		};
		34037E4206D1B19100A0092E = {
			fileRef = 34037E4106D1B19100A0092E;
			isa = PBXBuildFile;
			settings = {
			};
		};
		340BD50A066F9D7800B257FE = {
			fileEncoding = 4;
			isa = PBXFileReference;
			lastKnownFileType = sourcecode.c.h;
			path = settings.h;
			refType = 4;
			sourceTree = "<group>";
		};
		340BD50B066F9D7800B257FE = {
			fileEncoding = 4;
			isa = PBXFileReference;
			lastKnownFileType = sourcecode.c.c;
			path = settings.c;
			refType = 4;
			sourceTree = "<group>";
		};
		340BD50C066F9D7800B257FE = {
			fileRef = 340BD50A066F9D7800B257FE;
			isa = PBXBuildFile;
			settings = {
			};
		};
		340BD50D066F9D7800B257FE = {
			fileRef = 340BD50B066F9D7800B257FE;
			isa = PBXBuildFile;
			settings = {
			};
		};
		3478150F06791F0B006507C7 = {
			fileEncoding = 30;
			isa = PBXFileReference;
			lastKnownFileType = sourcecode.c.c;
			path = display.c;
			refType = 4;
			sourceTree = "<group>";
		};
		3478151106791F0B006507C7 = {
			fileRef = 3478150F06791F0B006507C7;
			isa = PBXBuildFile;
			settings = {
			};
		};
		3478151506791F46006507C7 = {
			fileEncoding = 30;
			isa = PBXFileReference;
			lastKnownFileType = sourcecode.c.c;
			path = linklib_additions.c;
			refType = 4;
			sourceTree = "<group>";
		};
		3478151606791F46006507C7 = {
			fileRef = 3478151506791F46006507C7;
			isa = PBXBuildFile;
			settings = {
			};
		};
		34986D1A065A847D00B6D86E = {
			isa = PBXFileReference;
			lastKnownFileType = wrapper.framework;
			name = vecLib.framework;
			path = /System/Library/Frameworks/vecLib.framework;
			refType = 0;
			sourceTree = "<absolute>";
		};
		34986D1B065A847D00B6D86E = {
			fileRef = 34986D1A065A847D00B6D86E;
			isa = PBXBuildFile;
			settings = {
			};
		};
		34DAD84F0667F58A0019DC0C = {
			buildActionMask = 2147483647;
			files = (
			);
			isa = PBXHeadersBuildPhase;
			runOnlyForDeploymentPostprocessing = 0;
		};
		34DAD8500667F58A0019DC0C = {
			buildActionMask = 2147483647;
			files = (
			);
			isa = PBXSourcesBuildPhase;
			runOnlyForDeploymentPostprocessing = 0;
		};
		34DAD8510667F58A0019DC0C = {
			buildPhases = (
				34DAD84F0667F58A0019DC0C,
				34DAD8500667F58A0019DC0C,
				34DAD8810667F63F0019DC0C,
			);
			buildRules = (
			);
			buildSettings = {
				GCC_WARN_FOUR_CHARACTER_CONSTANTS = NO;
				GCC_WARN_UNKNOWN_PRAGMAS = NO;
				INSTALL_PATH = /usr/local/bin;
				LIBRARY_SEARCH_PATHS = "/Users/michaelp/Desktop/ridgerunner/liboctrope-1.0";
				OTHER_CFLAGS = "";
				OTHER_LDFLAGS = "";
				OTHER_REZFLAGS = "";
				PRODUCT_NAME = eqdemo;
				SECTORDER_FLAGS = "";
				WARNING_CFLAGS = "-Wmost";
			};
			dependencies = (
			);
			isa = PBXNativeTarget;
			name = eqdemo;
			productName = eqdemo;
			productReference = 34DAD8520667F58A0019DC0C;
			productType = "com.apple.product-type.tool";
		};
		34DAD8520667F58A0019DC0C = {
			explicitFileType = "compiled.mach-o.executable";
			includeInIndex = 0;
			isa = PBXFileReference;
			path = eqdemo;
			refType = 3;
			sourceTree = BUILT_PRODUCTS_DIR;
		};
		34DAD8810667F63F0019DC0C = {
			buildActionMask = 2147483647;
			files = (
				34DAD8920667F65E0019DC0C,
			);
			isa = PBXFrameworksBuildPhase;
			runOnlyForDeploymentPostprocessing = 0;
		};
		34DAD8920667F65E0019DC0C = {
			fileRef = 34986D1A065A847D00B6D86E;
			isa = PBXBuildFile;
			settings = {
			};
		};
		34DAD8D50667F7DF0019DC0C = {
			buildActionMask = 2147483647;
			files = (
				34DAD92D0667F9630019DC0C,
				34DAD93E0667F99D0019DC0C,
				34DAD95C0667FA550019DC0C,
				340BD50C066F9D7800B257FE,
				D3C85EFA06961C34003BCB83,
				34037BF206D1662400A0092E,
				34037BF406D1662400A0092E,
				34037C1E06D1662400A0092E,
				34037CD006D1697400A0092E,
				34037CD106D1697400A0092E,
				34037CD206D1697400A0092E,
				34037D0506D16B3900A0092E,
				34037DAC06D172F300A0092E,
				34037DAD06D172F300A0092E,
				34037DAE06D172F300A0092E,
				34037DAF06D172F300A0092E,
				34037DB006D172F300A0092E,
				34037DB106D172F300A0092E,
			);
			isa = PBXHeadersBuildPhase;
			runOnlyForDeploymentPostprocessing = 0;
		};
		34DAD8D60667F7DF0019DC0C = {
			buildActionMask = 2147483647;
			files = (
				34DAD92E0667F9630019DC0C,
				34DAD93F0667F99D0019DC0C,
				34DAD95D0667FA550019DC0C,
				3478151606791F46006507C7,
				34DAD9840667FAD70019DC0C,
				340BD50D066F9D7800B257FE,
				3478151106791F0B006507C7,
				D3C85F0806961C5A003BCB83,
				34037BF306D1662400A0092E,
				34037BF506D1662400A0092E,
				34037C1C06D1662400A0092E,
				34037C1D06D1662400A0092E,
				34037C4906D1673600A0092E,
				34037C4A06D1673600A0092E,
				34037C4B06D1673600A0092E,
				34037C4C06D1673600A0092E,
				34037C4D06D1673600A0092E,
				34037C4E06D1673600A0092E,
				34037C4F06D1673600A0092E,
				34037C5006D1673600A0092E,
				34037C5106D1673600A0092E,
				34037C5206D1673600A0092E,
				34037C5306D1673600A0092E,
				34037C5406D1673600A0092E,
				34037C5506D1673600A0092E,
				34037C6B06D1679C00A0092E,
				34037C7306D167AE00A0092E,
				34037E4206D1B19100A0092E,
			);
			isa = PBXSourcesBuildPhase;
			runOnlyForDeploymentPostprocessing = 0;
		};
		34DAD8D70667F7DF0019DC0C = {
			buildPhases = (
				34DAD8D50667F7DF0019DC0C,
				34DAD8D60667F7DF0019DC0C,
				34DAD8E40667F83C0019DC0C,
			);
			buildRules = (
			);
			buildSettings = {
				GCC_WARN_FOUR_CHARACTER_CONSTANTS = NO;
				GCC_WARN_UNKNOWN_PRAGMAS = NO;
				INSTALL_PATH = /usr/local/bin;
				LIBRARY_SEARCH_PATHS = "/usr/lib/gcc/darwin/3.3 /Users/michaelp/Desktop/ridgerunner/taucs/lib/darwin /Users/michaelp/Desktop/ridgerunner/taucs/external/lib/darwin /Users/michaelp/Desktop/ridgerunner/liboctrope-1.0 /Users/michaelp/Desktop/ridgerunner/csnnls/taucs_basic /Users/piatek/Desktop/ridgerunner/csnnls /Users/piatek/Desktop/ridgerunner/liboctrope-1.0 /Users/piatek/Desktop/ridgerunner/tsnnls/taucs_basic /Users/piatek/Desktop/ridgerunner /Users/piatek/Desktop/ridgerunner/tsnnls_dist /Users/michaelp/Desktop/ridgerunner/mactrope";
				OTHER_CFLAGS = "";
				OTHER_LDFLAGS = "";
				OTHER_REZFLAGS = "";
				PRODUCT_NAME = ridgerunner;
				SECTORDER_FLAGS = "";
				WARNING_CFLAGS = "-Wmost";
			};
			dependencies = (
			);
			isa = PBXNativeTarget;
			name = ridgerunner;
			productName = ridgerunner;
			productReference = 34DAD8D80667F7DF0019DC0C;
			productType = "com.apple.product-type.tool";
		};
		34DAD8D80667F7DF0019DC0C = {
			explicitFileType = "compiled.mach-o.executable";
			includeInIndex = 0;
			isa = PBXFileReference;
			path = ridgerunner;
			refType = 3;
			sourceTree = BUILT_PRODUCTS_DIR;
		};
		34DAD8E40667F83C0019DC0C = {
			buildActionMask = 2147483647;
			files = (
				34DAD8F10667F8490019DC0C,
				34DAD8F20667F8490019DC0C,
				34037CCF06D1697400A0092E,
			);
			isa = PBXFrameworksBuildPhase;
			runOnlyForDeploymentPostprocessing = 0;
		};
		34DAD8F10667F8490019DC0C = {
			fileRef = 0249A663FF388D9811CA2CEA;
			isa = PBXBuildFile;
			settings = {
			};
		};
		34DAD8F20667F8490019DC0C = {
			fileRef = 34986D1A065A847D00B6D86E;
			isa = PBXBuildFile;
			settings = {
			};
		};
		34DAD9240667F94F0019DC0C = {
			children = (
				34DAD92B0667F9630019DC0C,
				34DAD92C0667F9630019DC0C,
				34DAD95A0667FA550019DC0C,
				34DAD95B0667FA550019DC0C,
				D3C85EF806961C34003BCB83,
				D3C85F0706961C5A003BCB83,
			);
			isa = PBXGroup;
			name = gradient;
			refType = 4;
			sourceTree = "<group>";
		};
		34DAD92B0667F9630019DC0C = {
			fileEncoding = 30;
			isa = PBXFileReference;
			lastKnownFileType = sourcecode.c.h;
			name = dlen.h;
			path = gradient/dlen.h;
			refType = 4;
			sourceTree = "<group>";
		};
		34DAD92C0667F9630019DC0C = {
			fileEncoding = 30;
			isa = PBXFileReference;
			lastKnownFileType = sourcecode.c.c;
			name = dlen.c;
			path = gradient/dlen.c;
			refType = 4;
			sourceTree = "<group>";
		};
		34DAD92D0667F9630019DC0C = {
			fileRef = 34DAD92B0667F9630019DC0C;
			isa = PBXBuildFile;
			settings = {
			};
		};
		34DAD92E0667F9630019DC0C = {
			fileRef = 34DAD92C0667F9630019DC0C;
			isa = PBXBuildFile;
			settings = {
			};
		};
		34DAD93C0667F99D0019DC0C = {
			fileEncoding = 30;
			isa = PBXFileReference;
			lastKnownFileType = sourcecode.c.h;
			path = errors.h;
			refType = 4;
			sourceTree = "<group>";
		};
		34DAD93D0667F99D0019DC0C = {
			fileEncoding = 30;
			isa = PBXFileReference;
			lastKnownFileType = sourcecode.c.c;
			path = errors.c;
			refType = 4;
			sourceTree = "<group>";
		};
		34DAD93E0667F99D0019DC0C = {
			fileRef = 34DAD93C0667F99D0019DC0C;
			isa = PBXBuildFile;
			settings = {
			};
		};
		34DAD93F0667F99D0019DC0C = {
			fileRef = 34DAD93D0667F99D0019DC0C;
			isa = PBXBuildFile;
			settings = {
			};
		};
		34DAD95A0667FA550019DC0C = {
			fileEncoding = 4;
			isa = PBXFileReference;
			lastKnownFileType = sourcecode.c.h;
			name = stepper.h;
			path = gradient/stepper.h;
			refType = 4;
			sourceTree = "<group>";
		};
		34DAD95B0667FA550019DC0C = {
			fileEncoding = 4;
			isa = PBXFileReference;
			lastKnownFileType = sourcecode.c.c;
			name = stepper.c;
			path = gradient/stepper.c;
			refType = 4;
			sourceTree = "<group>";
		};
		34DAD95C0667FA550019DC0C = {
			fileRef = 34DAD95A0667FA550019DC0C;
			isa = PBXBuildFile;
			settings = {
			};
		};
		34DAD95D0667FA550019DC0C = {
			fileRef = 34DAD95B0667FA550019DC0C;
			isa = PBXBuildFile;
			settings = {
			};
		};
		34DAD9830667FAD70019DC0C = {
			fileEncoding = 4;
			isa = PBXFileReference;
			lastKnownFileType = sourcecode.c.c;
			name = ridgerunner_main.c;
			path = gradient/ridgerunner_main.c;
			refType = 4;
			sourceTree = "<group>";
		};
		34DAD9840667FAD70019DC0C = {
			fileRef = 34DAD9830667FAD70019DC0C;
			isa = PBXBuildFile;
			settings = {
			};
		};
//340
//341
//342
//343
//344
//8D0
//8D1
//8D2
//8D3
//8D4
		8DD76F620486A84900D96B5E = {
			buildPhases = (
				8DD76F630486A84900D96B5E,
				8DD76F640486A84900D96B5E,
				8DD76F660486A84900D96B5E,
				8DD76F680486A84900D96B5E,
				8DD76F690486A84900D96B5E,
			);
			buildRules = (
			);
			buildSettings = {
				FRAMEWORK_SEARCH_PATHS = "";
				GCC_ENABLE_TRIGRAPHS = NO;
				GCC_GENERATE_DEBUGGING_SYMBOLS = NO;
				GCC_PRECOMPILE_PREFIX_HEADER = NO;
				GCC_WARN_ABOUT_MISSING_PROTOTYPES = NO;
				GCC_WARN_FOUR_CHARACTER_CONSTANTS = NO;
				GCC_WARN_UNKNOWN_PRAGMAS = NO;
				HEADER_SEARCH_PATHS = "";
				INSTALL_PATH = "$(HOME)/bin";
				LIBRARY_SEARCH_PATHS = "/Users/michaelp/Desktop/eqedge/taucs/lib/darwin /Users/michaelp/Desktop/eqedge/taucs/external/lib/darwin /Users/michaelp/Desktop/ridgerunner/liboctrope-1.0";
				OTHER_LDFLAGS = "";
				PRODUCT_NAME = eqedge;
				WARNING_CFLAGS = "-Wmost -Wno-four-char-constants -Wno-unknown-pragmas";
			};
			dependencies = (
			);
			isa = PBXNativeTarget;
			name = test_snnls;
			productInstallPath = "$(HOME)/bin";
			productName = eqedge;
			productReference = 8DD76F6C0486A84900D96B5E;
			productType = "com.apple.product-type.tool";
		};
		8DD76F630486A84900D96B5E = {
			buildActionMask = 2147483647;
			files = (
			);
			isa = PBXHeadersBuildPhase;
			runOnlyForDeploymentPostprocessing = 0;
		};
		8DD76F640486A84900D96B5E = {
			buildActionMask = 2147483647;
			files = (
			);
			isa = PBXSourcesBuildPhase;
			runOnlyForDeploymentPostprocessing = 0;
		};
		8DD76F660486A84900D96B5E = {
			buildActionMask = 2147483647;
			files = (
				8DD76F670486A84900D96B5E,
				34986D1B065A847D00B6D86E,
			);
			isa = PBXFrameworksBuildPhase;
			runOnlyForDeploymentPostprocessing = 0;
		};
		8DD76F670486A84900D96B5E = {
			fileRef = 0249A663FF388D9811CA2CEA;
			isa = PBXBuildFile;
			settings = {
			};
		};
		8DD76F680486A84900D96B5E = {
			buildActionMask = 2147483647;
			files = (
			);
			isa = PBXRezBuildPhase;
			runOnlyForDeploymentPostprocessing = 0;
		};
		8DD76F690486A84900D96B5E = {
			buildActionMask = 8;
			dstPath = /usr/share/man/man1/;
			dstSubfolderSpec = 0;
			files = (
				8DD76F6A0486A84900D96B5E,
			);
			isa = PBXCopyFilesBuildPhase;
			runOnlyForDeploymentPostprocessing = 1;
		};
		8DD76F6A0486A84900D96B5E = {
			fileRef = C6859E8B029090EE04C91782;
			isa = PBXBuildFile;
			settings = {
			};
		};
		8DD76F6C0486A84900D96B5E = {
			explicitFileType = "compiled.mach-o.executable";
			includeInIndex = 0;
			isa = PBXFileReference;
			path = eqedge;
			refType = 3;
			sourceTree = BUILT_PRODUCTS_DIR;
		};
//8D0
//8D1
//8D2
//8D3
//8D4
//C60
//C61
//C62
//C63
//C64
		C6859E8B029090EE04C91782 = {
			isa = PBXFileReference;
			lastKnownFileType = text.man;
			path = eqedge.1;
			refType = 4;
			sourceTree = "<group>";
		};
		C6859E8C029090F304C91782 = {
			children = (
				C6859E8B029090EE04C91782,
			);
			isa = PBXGroup;
			name = Documentation;
			refType = 4;
			sourceTree = "<group>";
		};
//C60
//C61
//C62
//C63
//C64
//D30
//D31
//D32
//D33
//D34
		D3C85EF806961C34003BCB83 = {
			fileEncoding = 30;
			isa = PBXFileReference;
			lastKnownFileType = sourcecode.c.h;
			name = eqedge.h;
			path = gradient/eqedge.h;
			refType = 4;
			sourceTree = "<group>";
		};
		D3C85EFA06961C34003BCB83 = {
			fileRef = D3C85EF806961C34003BCB83;
			isa = PBXBuildFile;
			settings = {
			};
		};
		D3C85F0706961C5A003BCB83 = {
			fileEncoding = 30;
			isa = PBXFileReference;
			lastKnownFileType = sourcecode.c.c;
			name = eqedge.c;
			path = gradient/eqedge.c;
			refType = 4;
			sourceTree = "<group>";
		};
		D3C85F0806961C5A003BCB83 = {
			fileRef = D3C85F0706961C5A003BCB83;
			isa = PBXBuildFile;
			settings = {
			};
		};
	};
	rootObject = 08FB7793FE84155DC02AAC07;
}
